
Microsoft Visual Studio Solution File, Format Version 12.00
# Visual Studio Version 16
VisualStudioVersion = 16.0.29613.14
MinimumVisualStudioVersion = 10.0.40219.1
Project("{FAE04EC0-301F-11D3-BF4B-00C04F79EFBC}") = "AHG-PVT.Web", "AHG-PVT.Web\AHG-PVT.Web.csproj", "{2B76F644-A98E-45AD-877A-AD5821077720}"
EndProject
Global
	GlobalSection(SolutionConfigurationPlatforms) = preSolution
		Debug|Any CPU = Debug|Any CPU
		Release|Any CPU = Release|Any CPU
	EndGlobalSection
	GlobalSection(ProjectConfigurationPlatforms) = postSolution
		{2B76F644-A98E-45AD-877A-AD5821077720}.Debug|Any CPU.ActiveCfg = Debug|Any CPU
		{2B76F644-A98E-45AD-877A-AD5821077720}.Debug|Any CPU.Build.0 = Debug|Any CPU
		{2B76F644-A98E-45AD-877A-AD5821077720}.Release|Any CPU.ActiveCfg = Release|Any CPU
		{2B76F644-A98E-45AD-877A-AD5821077720}.Release|Any CPU.Build.0 = Release|Any CPU
	EndGlobalSection
	GlobalSection(SolutionProperties) = preSolution
		HideSolutionNode = FALSE
	EndGlobalSection
	GlobalSection(ExtensibilityGlobals) = postSolution
		SolutionGuid = {34ECF767-6CFB-49C2-8F71-623AFE3D8E84}
	EndGlobalSection
EndGlobal
